// !$*UTF8*$!
{
	archiveVersion = 1;
	classes = {
	};
	objectVersion = 77;
	objects = {

/* Begin PBXBuildFile section */
		D58A15EF2D4A2E1A000EBB1B /* ComposableArchitecture in Frameworks */ = {isa = PBXBuildFile; productRef = D58A15EE2D4A2E1A000EBB1B /* ComposableArchitecture */; };
/* End PBXBuildFile section */

/* Begin PBXContainerItemProxy section */
		D58A15C12D4A2C1D000EBB1B /* PBXContainerItemProxy */ = {
			isa = PBXContainerItemProxy;
			containerPortal = D58A15A22D4A2C1C000EBB1B /* Project object */;
			proxyType = 1;
			remoteGlobalIDString = D58A15A92D4A2C1C000EBB1B;
			remoteInfo = TestPresentTCA;
		};
		D58A16012D4A4A99000EBB1B /* PBXContainerItemProxy */ = {
			isa = PBXContainerItemProxy;
			containerPortal = D58A15A22D4A2C1C000EBB1B /* Project object */;
			proxyType = 1;
			remoteGlobalIDString = D58A15A92D4A2C1C000EBB1B;
			remoteInfo = TestPresentTCA;
		};
/* End PBXContainerItemProxy section */

/* Begin PBXFileReference section */
		D58A15AA2D4A2C1C000EBB1B /* TestPresentTCA.app */ = {isa = PBXFileReference; explicitFileType = wrapper.application; includeInIndex = 0; path = TestPresentTCA.app; sourceTree = BUILT_PRODUCTS_DIR; };
		D58A15C02D4A2C1D000EBB1B /* TestPresentTCATests.xctest */ = {isa = PBXFileReference; explicitFileType = wrapper.cfbundle; includeInIndex = 0; path = TestPresentTCATests.xctest; sourceTree = BUILT_PRODUCTS_DIR; };
		D58A15FB2D4A4A98000EBB1B /* TestPresentTCAUITests.xctest */ = {isa = PBXFileReference; explicitFileType = wrapper.cfbundle; includeInIndex = 0; path = TestPresentTCAUITests.xctest; sourceTree = BUILT_PRODUCTS_DIR; };
/* End PBXFileReference section */

/* Begin PBXFileSystemSynchronizedBuildFileExceptionSet section */
		D58A15D22D4A2C1D000EBB1B /* Exceptions for "TestPresentTCA" folder in "TestPresentTCA" target */ = {
			isa = PBXFileSystemSynchronizedBuildFileExceptionSet;
			membershipExceptions = (
				Info.plist,
			);
			target = D58A15A92D4A2C1C000EBB1B /* TestPresentTCA */;
		};
/* End PBXFileSystemSynchronizedBuildFileExceptionSet section */

/* Begin PBXFileSystemSynchronizedRootGroup section */
		D58A15AC2D4A2C1C000EBB1B /* TestPresentTCA */ = {
			isa = PBXFileSystemSynchronizedRootGroup;
			exceptions = (
				D58A15D22D4A2C1D000EBB1B /* Exceptions for "TestPresentTCA" folder in "TestPresentTCA" target */,
			);
			path = TestPresentTCA;
			sourceTree = "<group>";
		};
		D58A15C32D4A2C1D000EBB1B /* TestPresentTCATests */ = {
			isa = PBXFileSystemSynchronizedRootGroup;
			path = TestPresentTCATests;
			sourceTree = "<group>";
		};
		D58A15FC2D4A4A99000EBB1B /* TestPresentTCAUITests */ = {
			isa = PBXFileSystemSynchronizedRootGroup;
			path = TestPresentTCAUITests;
			sourceTree = "<group>";
		};
/* End PBXFileSystemSynchronizedRootGroup section */

/* Begin PBXFrameworksBuildPhase section */
		D58A15A72D4A2C1C000EBB1B /* Frameworks */ = {
			isa = PBXFrameworksBuildPhase;
			buildActionMask = 2147483647;
			files = (
				D58A15EF2D4A2E1A000EBB1B /* ComposableArchitecture in Frameworks */,
			);
			runOnlyForDeploymentPostprocessing = 0;
		};
		D58A15BD2D4A2C1D000EBB1B /* Frameworks */ = {
			isa = PBXFrameworksBuildPhase;
			buildActionMask = 2147483647;
			files = (
			);
			runOnlyForDeploymentPostprocessing = 0;
		};
		D58A15F82D4A4A98000EBB1B /* Frameworks */ = {
			isa = PBXFrameworksBuildPhase;
			buildActionMask = 2147483647;
			files = (
			);
			runOnlyForDeploymentPostprocessing = 0;
		};
/* End PBXFrameworksBuildPhase section */

/* Begin PBXGroup section */
		D58A15A12D4A2C1C000EBB1B = {
			isa = PBXGroup;
			children = (
				D58A15AC2D4A2C1C000EBB1B /* TestPresentTCA */,
				D58A15C32D4A2C1D000EBB1B /* TestPresentTCATests */,
				D58A15FC2D4A4A99000EBB1B /* TestPresentTCAUITests */,
				D58A15AB2D4A2C1C000EBB1B /* Products */,
			);
			sourceTree = "<group>";
		};
		D58A15AB2D4A2C1C000EBB1B /* Products */ = {
			isa = PBXGroup;
			children = (
				D58A15AA2D4A2C1C000EBB1B /* TestPresentTCA.app */,
				D58A15C02D4A2C1D000EBB1B /* TestPresentTCATests.xctest */,
				D58A15FB2D4A4A98000EBB1B /* TestPresentTCAUITests.xctest */,
			);
			name = Products;
			sourceTree = "<group>";
		};
/* End PBXGroup section */

/* Begin PBXNativeTarget section */
		D58A15A92D4A2C1C000EBB1B /* TestPresentTCA */ = {
			isa = PBXNativeTarget;
			buildConfigurationList = D58A15D32D4A2C1D000EBB1B /* Build configuration list for PBXNativeTarget "TestPresentTCA" */;
			buildPhases = (
				D58A15A62D4A2C1C000EBB1B /* Sources */,
				D58A15A72D4A2C1C000EBB1B /* Frameworks */,
				D58A15A82D4A2C1C000EBB1B /* Resources */,
			);
			buildRules = (
			);
			dependencies = (
			);
			fileSystemSynchronizedGroups = (
				D58A15AC2D4A2C1C000EBB1B /* TestPresentTCA */,
			);
			name = TestPresentTCA;
			packageProductDependencies = (
				D58A15EE2D4A2E1A000EBB1B /* ComposableArchitecture */,
			);
			productName = TestPresentTCA;
			productReference = D58A15AA2D4A2C1C000EBB1B /* TestPresentTCA.app */;
			productType = "com.apple.product-type.application";
		};
		D58A15BF2D4A2C1D000EBB1B /* TestPresentTCATests */ = {
			isa = PBXNativeTarget;
			buildConfigurationList = D58A15D82D4A2C1D000EBB1B /* Build configuration list for PBXNativeTarget "TestPresentTCATests" */;
			buildPhases = (
				D58A15BC2D4A2C1D000EBB1B /* Sources */,
				D58A15BD2D4A2C1D000EBB1B /* Frameworks */,
				D58A15BE2D4A2C1D000EBB1B /* Resources */,
			);
			buildRules = (
			);
			dependencies = (
				D58A15C22D4A2C1D000EBB1B /* PBXTargetDependency */,
			);
			fileSystemSynchronizedGroups = (
				D58A15C32D4A2C1D000EBB1B /* TestPresentTCATests */,
			);
			name = TestPresentTCATests;
			packageProductDependencies = (
			);
			productName = TestPresentTCATests;
			productReference = D58A15C02D4A2C1D000EBB1B /* TestPresentTCATests.xctest */;
			productType = "com.apple.product-type.bundle.unit-test";
		};
		D58A15FA2D4A4A98000EBB1B /* TestPresentTCAUITests */ = {
			isa = PBXNativeTarget;
			buildConfigurationList = D58A16032D4A4A99000EBB1B /* Build configuration list for PBXNativeTarget "TestPresentTCAUITests" */;
			buildPhases = (
				D58A15F72D4A4A98000EBB1B /* Sources */,
				D58A15F82D4A4A98000EBB1B /* Frameworks */,
				D58A15F92D4A4A98000EBB1B /* Resources */,
			);
			buildRules = (
			);
			dependencies = (
				D58A16022D4A4A99000EBB1B /* PBXTargetDependency */,
			);
			fileSystemSynchronizedGroups = (
				D58A15FC2D4A4A99000EBB1B /* TestPresentTCAUITests */,
			);
			name = TestPresentTCAUITests;
			packageProductDependencies = (
			);
			productName = TestPresentTCAUITests;
			productReference = D58A15FB2D4A4A98000EBB1B /* TestPresentTCAUITests.xctest */;
			productType = "com.apple.product-type.bundle.ui-testing";
		};
/* End PBXNativeTarget section */

/* Begin PBXProject section */
		D58A15A22D4A2C1C000EBB1B /* Project object */ = {
			isa = PBXProject;
			attributes = {
				BuildIndependentTargetsInParallel = 1;
				LastSwiftUpdateCheck = 1620;
				LastUpgradeCheck = 1620;
				TargetAttributes = {
					D58A15A92D4A2C1C000EBB1B = {
						CreatedOnToolsVersion = 16.2;
					};
					D58A15BF2D4A2C1D000EBB1B = {
						CreatedOnToolsVersion = 16.2;
						TestTargetID = D58A15A92D4A2C1C000EBB1B;
					};
					D58A15FA2D4A4A98000EBB1B = {
						CreatedOnToolsVersion = 16.2;
						TestTargetID = D58A15A92D4A2C1C000EBB1B;
					};
				};
			};
			buildConfigurationList = D58A15A52D4A2C1C000EBB1B /* Build configuration list for PBXProject "TestPresentTCA" */;
			developmentRegion = en;
			hasScannedForEncodings = 0;
			knownRegions = (
				en,
				Base,
			);
			mainGroup = D58A15A12D4A2C1C000EBB1B;
			minimizedProjectReferenceProxies = 1;
			packageReferences = (
				D58A15ED2D4A2E1A000EBB1B /* XCRemoteSwiftPackageReference "swift-composable-architecture" */,
			);
			preferredProjectObjectVersion = 77;
			productRefGroup = D58A15AB2D4A2C1C000EBB1B /* Products */;
			projectDirPath = "";
			projectRoot = "";
			targets = (
				D58A15A92D4A2C1C000EBB1B /* TestPresentTCA */,
				D58A15BF2D4A2C1D000EBB1B /* TestPresentTCATests */,
				D58A15FA2D4A4A98000EBB1B /* TestPresentTCAUITests */,
			);
		};
/* End PBXProject section */

/* Begin PBXResourcesBuildPhase section */
		D58A15A82D4A2C1C000EBB1B /* Resources */ = {
			isa = PBXResourcesBuildPhase;
			buildActionMask = 2147483647;
			files = (
			);
			runOnlyForDeploymentPostprocessing = 0;
		};
		D58A15BE2D4A2C1D000EBB1B /* Resources */ = {
			isa = PBXResourcesBuildPhase;
			buildActionMask = 2147483647;
			files = (
			);
			runOnlyForDeploymentPostprocessing = 0;
		};
		D58A15F92D4A4A98000EBB1B /* Resources */ = {
			isa = PBXResourcesBuildPhase;
			buildActionMask = 2147483647;
			files = (
			);
			runOnlyForDeploymentPostprocessing = 0;
		};
/* End PBXResourcesBuildPhase section */

/* Begin PBXSourcesBuildPhase section */
		D58A15A62D4A2C1C000EBB1B /* Sources */ = {
			isa = PBXSourcesBuildPhase;
			buildActionMask = 2147483647;
			files = (
			);
			runOnlyForDeploymentPostprocessing = 0;
		};
		D58A15BC2D4A2C1D000EBB1B /* Sources */ = {
			isa = PBXSourcesBuildPhase;
			buildActionMask = 2147483647;
			files = (
			);
			runOnlyForDeploymentPostprocessing = 0;
		};
		D58A15F72D4A4A98000EBB1B /* Sources */ = {
			isa = PBXSourcesBuildPhase;
			buildActionMask = 2147483647;
			files = (
			);
			runOnlyForDeploymentPostprocessing = 0;
		};
/* End PBXSourcesBuildPhase section */

/* Begin PBXTargetDependency section */
		D58A15C22D4A2C1D000EBB1B /* PBXTargetDependency */ = {
			isa = PBXTargetDependency;
			target = D58A15A92D4A2C1C000EBB1B /* TestPresentTCA */;
			targetProxy = D58A15C12D4A2C1D000EBB1B /* PBXContainerItemProxy */;
		};
		D58A16022D4A4A99000EBB1B /* PBXTargetDependency */ = {
			isa = PBXTargetDependency;
			target = D58A15A92D4A2C1C000EBB1B /* TestPresentTCA */;
			targetProxy = D58A16012D4A4A99000EBB1B /* PBXContainerItemProxy */;
		};
/* End PBXTargetDependency section */

/* Begin XCBuildConfiguration section */
		D58A15D42D4A2C1D000EBB1B /* Debug */ = {
			isa = XCBuildConfiguration;
			buildSettings = {
				ASSETCATALOG_COMPILER_APPICON_NAME = AppIcon;
				ASSETCATALOG_COMPILER_GLOBAL_ACCENT_COLOR_NAME = AccentColor;
				CODE_SIGN_STYLE = Automatic;
				CURRENT_PROJECT_VERSION = 1;
				GENERATE_INFOPLIST_FILE = YES;
				INFOPLIST_FILE = TestPresentTCA/Info.plist;
				INFOPLIST_KEY_UIApplicationSupportsIndirectInputEvents = YES;
				INFOPLIST_KEY_UILaunchStoryboardName = LaunchScreen;
				INFOPLIST_KEY_UISupportedInterfaceOrientations = UIInterfaceOrientationPortrait;
				IPHONEOS_DEPLOYMENT_TARGET = 16.0;
				LD_RUNPATH_SEARCH_PATHS = (
					"$(inherited)",
					"@executable_path/Frameworks",
				);
				MARKETING_VERSION = 1.0;
				PRODUCT_BUNDLE_IDENTIFIER = com.slobodinaiuk.TestPresentTCA;
				PRODUCT_NAME = "$(TARGET_NAME)";
				SUPPORTED_PLATFORMS = "iphoneos iphonesimulator";
				SUPPORTS_MACCATALYST = NO;
				SUPPORTS_MAC_DESIGNED_FOR_IPHONE_IPAD = NO;
				SUPPORTS_XR_DESIGNED_FOR_IPHONE_IPAD = NO;
				SWIFT_EMIT_LOC_STRINGS = YES;
				SWIFT_VERSION = 5.0;
				TARGETED_DEVICE_FAMILY = 1;
			};
			name = Debug;
		};
		D58A15D52D4A2C1D000EBB1B /* Release */ = {
			isa = XCBuildConfiguration;
			buildSettings = {
				ASSETCATALOG_COMPILER_APPICON_NAME = AppIcon;
				ASSETCATALOG_COMPILER_GLOBAL_ACCENT_COLOR_NAME = AccentColor;
				CODE_SIGN_STYLE = Automatic;
				CURRENT_PROJECT_VERSION = 1;
				GENERATE_INFOPLIST_FILE = YES;
				INFOPLIST_FILE = TestPresentTCA/Info.plist;
				INFOPLIST_KEY_UIApplicationSupportsIndirectInputEvents = YES;
				INFOPLIST_KEY_UILaunchStoryboardName = LaunchScreen;
				INFOPLIST_KEY_UISupportedInterfaceOrientations = UIInterfaceOrientationPortrait;
				IPHONEOS_DEPLOYMENT_TARGET = 16.0;
				LD_RUNPATH_SEARCH_PATHS = (
					"$(inherited)",
					"@executable_path/Frameworks",
				);
				MARKETING_VERSION = 1.0;
				PRODUCT_BUNDLE_IDENTIFIER = com.slobodinaiuk.TestPresentTCA;
				PRODUCT_NAME = "$(TARGET_NAME)";
				SUPPORTED_PLATFORMS = "iphoneos iphonesimulator";
				SUPPORTS_MACCATALYST = NO;
				SUPPORTS_MAC_DESIGNED_FOR_IPHONE_IPAD = NO;
				SUPPORTS_XR_DESIGNED_FOR_IPHONE_IPAD = NO;
				SWIFT_EMIT_LOC_STRINGS = YES;
				SWIFT_VERSION = 5.0;
				TARGETED_DEVICE_FAMILY = 1;
			};
			name = Release;
		};
		D58A15D62D4A2C1D000EBB1B /* Debug */ = {
			isa = XCBuildConfiguration;
			buildSettings = {
				ALWAYS_SEARCH_USER_PATHS = NO;
				ASSETCATALOG_COMPILER_GENERATE_SWIFT_ASSET_SYMBOL_EXTENSIONS = YES;
				CLANG_ANALYZER_NONNULL = YES;
				CLANG_ANALYZER_NUMBER_OBJECT_CONVERSION = YES_AGGRESSIVE;
				CLANG_CXX_LANGUAGE_STANDARD = "gnu++20";
				CLANG_ENABLE_MODULES = YES;
				CLANG_ENABLE_OBJC_ARC = YES;
				CLANG_ENABLE_OBJC_WEAK = YES;
				CLANG_WARN_BLOCK_CAPTURE_AUTORELEASING = YES;
				CLANG_WARN_BOOL_CONVERSION = YES;
				CLANG_WARN_COMMA = YES;
				CLANG_WARN_CONSTANT_CONVERSION = YES;
				CLANG_WARN_DEPRECATED_OBJC_IMPLEMENTATIONS = YES;
				CLANG_WARN_DIRECT_OBJC_ISA_USAGE = YES_ERROR;
				CLANG_WARN_DOCUMENTATION_COMMENTS = YES;
				CLANG_WARN_EMPTY_BODY = YES;
				CLANG_WARN_ENUM_CONVERSION = YES;
				CLANG_WARN_INFINITE_RECURSION = YES;
				CLANG_WARN_INT_CONVERSION = YES;
				CLANG_WARN_NON_LITERAL_NULL_CONVERSION = YES;
				CLANG_WARN_OBJC_IMPLICIT_RETAIN_SELF = YES;
				CLANG_WARN_OBJC_LITERAL_CONVERSION = YES;
				CLANG_WARN_OBJC_ROOT_CLASS = YES_ERROR;
				CLANG_WARN_QUOTED_INCLUDE_IN_FRAMEWORK_HEADER = YES;
				CLANG_WARN_RANGE_LOOP_ANALYSIS = YES;
				CLANG_WARN_STRICT_PROTOTYPES = YES;
				CLANG_WARN_SUSPICIOUS_MOVE = YES;
				CLANG_WARN_UNGUARDED_AVAILABILITY = YES_AGGRESSIVE;
				CLANG_WARN_UNREACHABLE_CODE = YES;
				CLANG_WARN__DUPLICATE_METHOD_MATCH = YES;
				COPY_PHASE_STRIP = NO;
				DEBUG_INFORMATION_FORMAT = dwarf;
				ENABLE_STRICT_OBJC_MSGSEND = YES;
				ENABLE_TESTABILITY = YES;
				ENABLE_USER_SCRIPT_SANDBOXING = YES;
				GCC_C_LANGUAGE_STANDARD = gnu17;
				GCC_DYNAMIC_NO_PIC = NO;
				GCC_NO_COMMON_BLOCKS = YES;
				GCC_OPTIMIZATION_LEVEL = 0;
				GCC_PREPROCESSOR_DEFINITIONS = (
					"DEBUG=1",
					"$(inherited)",
				);
				GCC_WARN_64_TO_32_BIT_CONVERSION = YES;
				GCC_WARN_ABOUT_RETURN_TYPE = YES_ERROR;
				GCC_WARN_UNDECLARED_SELECTOR = YES;
				GCC_WARN_UNINITIALIZED_AUTOS = YES_AGGRESSIVE;
				GCC_WARN_UNUSED_FUNCTION = YES;
				GCC_WARN_UNUSED_VARIABLE = YES;
				IPHONEOS_DEPLOYMENT_TARGET = 18.2;
				LOCALIZATION_PREFERS_STRING_CATALOGS = YES;
				MTL_ENABLE_DEBUG_INFO = INCLUDE_SOURCE;
				MTL_FAST_MATH = YES;
				ONLY_ACTIVE_ARCH = YES;
				SDKROOT = iphoneos;
				SWIFT_ACTIVE_COMPILATION_CONDITIONS = "DEBUG $(inherited)";
				SWIFT_OPTIMIZATION_LEVEL = "-Onone";
			};
			name = Debug;
		};
		D58A15D72D4A2C1D000EBB1B /* Release */ = {
			isa = XCBuildConfiguration;
			buildSettings = {
				ALWAYS_SEARCH_USER_PATHS = NO;
				ASSETCATALOG_COMPILER_GENERATE_SWIFT_ASSET_SYMBOL_EXTENSIONS = YES;
				CLANG_ANALYZER_NONNULL = YES;
				CLANG_ANALYZER_NUMBER_OBJECT_CONVERSION = YES_AGGRESSIVE;
				CLANG_CXX_LANGUAGE_STANDARD = "gnu++20";
				CLANG_ENABLE_MODULES = YES;
				CLANG_ENABLE_OBJC_ARC = YES;
				CLANG_ENABLE_OBJC_WEAK = YES;
				CLANG_WARN_BLOCK_CAPTURE_AUTORELEASING = YES;
				CLANG_WARN_BOOL_CONVERSION = YES;
				CLANG_WARN_COMMA = YES;
				CLANG_WARN_CONSTANT_CONVERSION = YES;
				CLANG_WARN_DEPRECATED_OBJC_IMPLEMENTATIONS = YES;
				CLANG_WARN_DIRECT_OBJC_ISA_USAGE = YES_ERROR;
				CLANG_WARN_DOCUMENTATION_COMMENTS = YES;
				CLANG_WARN_EMPTY_BODY = YES;
				CLANG_WARN_ENUM_CONVERSION = YES;
				CLANG_WARN_INFINITE_RECURSION = YES;
				CLANG_WARN_INT_CONVERSION = YES;
				CLANG_WARN_NON_LITERAL_NULL_CONVERSION = YES;
				CLANG_WARN_OBJC_IMPLICIT_RETAIN_SELF = YES;
				CLANG_WARN_OBJC_LITERAL_CONVERSION = YES;
				CLANG_WARN_OBJC_ROOT_CLASS = YES_ERROR;
				CLANG_WARN_QUOTED_INCLUDE_IN_FRAMEWORK_HEADER = YES;
				CLANG_WARN_RANGE_LOOP_ANALYSIS = YES;
				CLANG_WARN_STRICT_PROTOTYPES = YES;
				CLANG_WARN_SUSPICIOUS_MOVE = YES;
				CLANG_WARN_UNGUARDED_AVAILABILITY = YES_AGGRESSIVE;
				CLANG_WARN_UNREACHABLE_CODE = YES;
				CLANG_WARN__DUPLICATE_METHOD_MATCH = YES;
				COPY_PHASE_STRIP = NO;
				DEBUG_INFORMATION_FORMAT = "dwarf-with-dsym";
				ENABLE_NS_ASSERTIONS = NO;
				ENABLE_STRICT_OBJC_MSGSEND = YES;
				ENABLE_USER_SCRIPT_SANDBOXING = YES;
				GCC_C_LANGUAGE_STANDARD = gnu17;
				GCC_NO_COMMON_BLOCKS = YES;
				GCC_WARN_64_TO_32_BIT_CONVERSION = YES;
				GCC_WARN_ABOUT_RETURN_TYPE = YES_ERROR;
				GCC_WARN_UNDECLARED_SELECTOR = YES;
				GCC_WARN_UNINITIALIZED_AUTOS = YES_AGGRESSIVE;
				GCC_WARN_UNUSED_FUNCTION = YES;
				GCC_WARN_UNUSED_VARIABLE = YES;
				IPHONEOS_DEPLOYMENT_TARGET = 18.2;
				LOCALIZATION_PREFERS_STRING_CATALOGS = YES;
				MTL_ENABLE_DEBUG_INFO = NO;
				MTL_FAST_MATH = YES;
				SDKROOT = iphoneos;
				SWIFT_COMPILATION_MODE = wholemodule;
				VALIDATE_PRODUCT = YES;
			};
			name = Release;
		};
		D58A15D92D4A2C1D000EBB1B /* Debug */ = {
			isa = XCBuildConfiguration;
			buildSettings = {
				BUNDLE_LOADER = "$(TEST_HOST)";
				CODE_SIGN_STYLE = Automatic;
				CURRENT_PROJECT_VERSION = 1;
				GENERATE_INFOPLIST_FILE = YES;
				IPHONEOS_DEPLOYMENT_TARGET = 16.0;
				MARKETING_VERSION = 1.0;
				PRODUCT_BUNDLE_IDENTIFIER = com.slobodinaiuk.TestPresentTCATests;
				PRODUCT_NAME = "$(TARGET_NAME)";
				SWIFT_EMIT_LOC_STRINGS = NO;
				SWIFT_VERSION = 5.0;
				TARGETED_DEVICE_FAMILY = "1,2";
				TEST_HOST = "$(BUILT_PRODUCTS_DIR)/TestPresentTCA.app/$(BUNDLE_EXECUTABLE_FOLDER_PATH)/TestPresentTCA";
			};
			name = Debug;
		};
		D58A15DA2D4A2C1D000EBB1B /* Release */ = {
			isa = XCBuildConfiguration;
			buildSettings = {
				BUNDLE_LOADER = "$(TEST_HOST)";
				CODE_SIGN_STYLE = Automatic;
				CURRENT_PROJECT_VERSION = 1;
				GENERATE_INFOPLIST_FILE = YES;
				IPHONEOS_DEPLOYMENT_TARGET = 16.0;
				MARKETING_VERSION = 1.0;
				PRODUCT_BUNDLE_IDENTIFIER = com.slobodinaiuk.TestPresentTCATests;
				PRODUCT_NAME = "$(TARGET_NAME)";
				SWIFT_EMIT_LOC_STRINGS = NO;
				SWIFT_VERSION = 5.0;
				TARGETED_DEVICE_FAMILY = "1,2";
				TEST_HOST = "$(BUILT_PRODUCTS_DIR)/TestPresentTCA.app/$(BUNDLE_EXECUTABLE_FOLDER_PATH)/TestPresentTCA";
			};
			name = Release;
		};
		D58A16042D4A4A99000EBB1B /* Debug */ = {
			isa = XCBuildConfiguration;
			buildSettings = {
				CODE_SIGN_STYLE = Automatic;
				CURRENT_PROJECT_VERSION = 1;
				GENERATE_INFOPLIST_FILE = YES;
				MARKETING_VERSION = 1.0;
				PRODUCT_BUNDLE_IDENTIFIER = com.slobodinaiuk.TestPresentTCAUITests;
				PRODUCT_NAME = "$(TARGET_NAME)";
				SWIFT_EMIT_LOC_STRINGS = NO;
				SWIFT_VERSION = 5.0;
				TARGETED_DEVICE_FAMILY = "1,2";
				TEST_TARGET_NAME = TestPresentTCA;
			};
			name = Debug;
		};
		D58A16052D4A4A99000EBB1B /* Release */ = {
			isa = XCBuildConfiguration;
			buildSettings = {
				CODE_SIGN_STYLE = Automatic;
				CURRENT_PROJECT_VERSION = 1;
				GENERATE_INFOPLIST_FILE = YES;
				MARKETING_VERSION = 1.0;
				PRODUCT_BUNDLE_IDENTIFIER = com.slobodinaiuk.TestPresentTCAUITests;
				PRODUCT_NAME = "$(TARGET_NAME)";
				SWIFT_EMIT_LOC_STRINGS = NO;
				SWIFT_VERSION = 5.0;
				TARGETED_DEVICE_FAMILY = "1,2";
				TEST_TARGET_NAME = TestPresentTCA;
			};
			name = Release;
		};
/* End XCBuildConfiguration section */

/* Begin XCConfigurationList section */
		D58A15A52D4A2C1C000EBB1B /* Build configuration list for PBXProject "TestPresentTCA" */ = {
			isa = XCConfigurationList;
			buildConfigurations = (
				D58A15D62D4A2C1D000EBB1B /* Debug */,
				D58A15D72D4A2C1D000EBB1B /* Release */,
			);
			defaultConfigurationIsVisible = 0;
			defaultConfigurationName = Release;
		};
		D58A15D32D4A2C1D000EBB1B /* Build configuration list for PBXNativeTarget "TestPresentTCA" */ = {
			isa = XCConfigurationList;
			buildConfigurations = (
				D58A15D42D4A2C1D000EBB1B /* Debug */,
				D58A15D52D4A2C1D000EBB1B /* Release */,
			);
			defaultConfigurationIsVisible = 0;
			defaultConfigurationName = Release;
		};
		D58A15D82D4A2C1D000EBB1B /* Build configuration list for PBXNativeTarget "TestPresentTCATests" */ = {
			isa = XCConfigurationList;
			buildConfigurations = (
				D58A15D92D4A2C1D000EBB1B /* Debug */,
				D58A15DA2D4A2C1D000EBB1B /* Release */,
			);
			defaultConfigurationIsVisible = 0;
			defaultConfigurationName = Release;
		};
		D58A16032D4A4A99000EBB1B /* Build configuration list for PBXNativeTarget "TestPresentTCAUITests" */ = {
			isa = XCConfigurationList;
			buildConfigurations = (
				D58A16042D4A4A99000EBB1B /* Debug */,
				D58A16052D4A4A99000EBB1B /* Release */,
			);
			defaultConfigurationIsVisible = 0;
			defaultConfigurationName = Release;
		};
/* End XCConfigurationList section */

/* Begin XCRemoteSwiftPackageReference section */
		D58A15ED2D4A2E1A000EBB1B /* XCRemoteSwiftPackageReference "swift-composable-architecture" */ = {
			isa = XCRemoteSwiftPackageReference;
			repositoryURL = "https://github.com/pointfreeco/swift-composable-architecture";
			requirement = {
				kind = upToNextMajorVersion;
				minimumVersion = 1.17.1;
			};
		};
/* End XCRemoteSwiftPackageReference section */

/* Begin XCSwiftPackageProductDependency section */
		D58A15EE2D4A2E1A000EBB1B /* ComposableArchitecture */ = {
			isa = XCSwiftPackageProductDependency;
			package = D58A15ED2D4A2E1A000EBB1B /* XCRemoteSwiftPackageReference "swift-composable-architecture" */;
			productName = ComposableArchitecture;
		};
/* End XCSwiftPackageProductDependency section */
	};
	rootObject = D58A15A22D4A2C1C000EBB1B /* Project object */;
}
